
Microsoft Visual Studio Solution File, Format Version 10.00
# Visual Web Developer Express 2008
Project("{FAE04EC0-301F-11D3-BF4B-00C04F79EFBC}") = "FLocal.IISHandler", "FLocal.IISHandler\FLocal.IISHandler.csproj", "{9A902732-E7F1-4F41-869B-316AF2254B36}"
EndProject
Project("{FAE04EC0-301F-11D3-BF4B-00C04F79EFBC}") = "Web.Core", "Web.Core\Web.Core.csproj", "{6F532626-E9F8-498E-9683-1538E7CD62CB}"
EndProject
Project("{FAE04EC0-301F-11D3-BF4B-00C04F79EFBC}") = "FLocal.Common", "FLocal.Common\FLocal.Common.csproj", "{CE888859-9E46-41F7-91CE-8EC106F3A625}"
EndProject
Project("{FAE04EC0-301F-11D3-BF4B-00C04F79EFBC}") = "MySQLConnector", "MySQLConnector\MySQLConnector.csproj", "{E38DE5B1-F9C2-43BA-A5DF-0743ABD4DFC7}"
EndProject
Project("{FAE04EC0-301F-11D3-BF4B-00C04F79EFBC}") = "Builder", "Builder\Builder.csproj", "{D8D6EFEC-76D7-4870-BD71-C90FA6D7368A}"
EndProject
Project("{FAE04EC0-301F-11D3-BF4B-00C04F79EFBC}") = "FLocal.Migration.Gateway", "FLocal.Migration.Gateway\FLocal.Migration.Gateway.csproj", "{E2ECF86C-C0BA-4782-A485-E267BB213BB2}"
EndProject
Project("{FAE04EC0-301F-11D3-BF4B-00C04F79EFBC}") = "FLocal.Migration.Console", "FLocal.Migration.Console\FLocal.Migration.Console.csproj", "{208B84AF-A5DD-4C20-83D5-160EA243BA43}"
EndProject
Project("{FAE04EC0-301F-11D3-BF4B-00C04F79EFBC}") = "Web.IISUploadHandler", "Web.IISUploadHandler\Web.IISUploadHandler.csproj", "{09F13185-3B2A-4FCB-AB6A-750112FFF920}"
EndProject
Project("{F184B08F-C81C-45F6-A57F-5ABD9991F28F}") = "BBCode", "ThirdParty\PJonDevelopment.BBCode\BBCode.vbproj", "{ACDDD5D1-119F-4B82-8FE6-6515C812795B}"
EndProject
Project("{FAE04EC0-301F-11D3-BF4B-00C04F79EFBC}") = "TexCompiler", "TexCompiler\TexCompiler.csproj", "{7D2A38F8-C42D-4F9F-AF64-1DDD5842C7EC}"
EndProject
Project("{FAE04EC0-301F-11D3-BF4B-00C04F79EFBC}") = "Patcher", "Patcher\Patcher.csproj", "{78F407CF-416D-4D1F-971C-9A51FEA69B3A}"
EndProject
Global
	GlobalSection(SolutionConfigurationPlatforms) = preSolution
		Debug|Any CPU = Debug|Any CPU
		Debug|Mixed Platforms = Debug|Mixed Platforms
		Debug|x86 = Debug|x86
		Release|Any CPU = Release|Any CPU
		Release|Mixed Platforms = Release|Mixed Platforms
		Release|x86 = Release|x86
	EndGlobalSection
	GlobalSection(ProjectConfigurationPlatforms) = postSolution
		{9A902732-E7F1-4F41-869B-316AF2254B36}.Debug|Any CPU.ActiveCfg = Debug|Any CPU
		{9A902732-E7F1-4F41-869B-316AF2254B36}.Debug|Any CPU.Build.0 = Debug|Any CPU
		{9A902732-E7F1-4F41-869B-316AF2254B36}.Debug|Mixed Platforms.ActiveCfg = Debug|Any CPU
		{9A902732-E7F1-4F41-869B-316AF2254B36}.Debug|Mixed Platforms.Build.0 = Debug|Any CPU
		{9A902732-E7F1-4F41-869B-316AF2254B36}.Debug|x86.ActiveCfg = Debug|Any CPU
		{9A902732-E7F1-4F41-869B-316AF2254B36}.Release|Any CPU.ActiveCfg = Release|Any CPU
		{9A902732-E7F1-4F41-869B-316AF2254B36}.Release|Any CPU.Build.0 = Release|Any CPU
		{9A902732-E7F1-4F41-869B-316AF2254B36}.Release|Mixed Platforms.ActiveCfg = Release|Any CPU
		{9A902732-E7F1-4F41-869B-316AF2254B36}.Release|Mixed Platforms.Build.0 = Release|Any CPU
		{9A902732-E7F1-4F41-869B-316AF2254B36}.Release|x86.ActiveCfg = Release|Any CPU
		{6F532626-E9F8-498E-9683-1538E7CD62CB}.Debug|Any CPU.ActiveCfg = Debug|Any CPU
		{6F532626-E9F8-498E-9683-1538E7CD62CB}.Debug|Any CPU.Build.0 = Debug|Any CPU
		{6F532626-E9F8-498E-9683-1538E7CD62CB}.Debug|Mixed Platforms.ActiveCfg = Debug|Any CPU
		{6F532626-E9F8-498E-9683-1538E7CD62CB}.Debug|Mixed Platforms.Build.0 = Debug|Any CPU
		{6F532626-E9F8-498E-9683-1538E7CD62CB}.Debug|x86.ActiveCfg = Debug|Any CPU
		{6F532626-E9F8-498E-9683-1538E7CD62CB}.Release|Any CPU.ActiveCfg = Release|Any CPU
		{6F532626-E9F8-498E-9683-1538E7CD62CB}.Release|Any CPU.Build.0 = Release|Any CPU
		{6F532626-E9F8-498E-9683-1538E7CD62CB}.Release|Mixed Platforms.ActiveCfg = Release|Any CPU
		{6F532626-E9F8-498E-9683-1538E7CD62CB}.Release|Mixed Platforms.Build.0 = Release|Any CPU
		{6F532626-E9F8-498E-9683-1538E7CD62CB}.Release|x86.ActiveCfg = Release|Any CPU
		{CE888859-9E46-41F7-91CE-8EC106F3A625}.Debug|Any CPU.ActiveCfg = Debug|Any CPU
		{CE888859-9E46-41F7-91CE-8EC106F3A625}.Debug|Any CPU.Build.0 = Debug|Any CPU
		{CE888859-9E46-41F7-91CE-8EC106F3A625}.Debug|Mixed Platforms.ActiveCfg = Debug|Any CPU
		{CE888859-9E46-41F7-91CE-8EC106F3A625}.Debug|Mixed Platforms.Build.0 = Debug|Any CPU
		{CE888859-9E46-41F7-91CE-8EC106F3A625}.Debug|x86.ActiveCfg = Debug|Any CPU
		{CE888859-9E46-41F7-91CE-8EC106F3A625}.Release|Any CPU.ActiveCfg = Release|Any CPU
		{CE888859-9E46-41F7-91CE-8EC106F3A625}.Release|Any CPU.Build.0 = Release|Any CPU
		{CE888859-9E46-41F7-91CE-8EC106F3A625}.Release|Mixed Platforms.ActiveCfg = Release|Any CPU
		{CE888859-9E46-41F7-91CE-8EC106F3A625}.Release|Mixed Platforms.Build.0 = Release|Any CPU
		{CE888859-9E46-41F7-91CE-8EC106F3A625}.Release|x86.ActiveCfg = Release|Any CPU
		{E38DE5B1-F9C2-43BA-A5DF-0743ABD4DFC7}.Debug|Any CPU.ActiveCfg = Debug|Any CPU
		{E38DE5B1-F9C2-43BA-A5DF-0743ABD4DFC7}.Debug|Any CPU.Build.0 = Debug|Any CPU
		{E38DE5B1-F9C2-43BA-A5DF-0743ABD4DFC7}.Debug|Mixed Platforms.ActiveCfg = Debug|Any CPU
		{E38DE5B1-F9C2-43BA-A5DF-0743ABD4DFC7}.Debug|Mixed Platforms.Build.0 = Debug|Any CPU
		{E38DE5B1-F9C2-43BA-A5DF-0743ABD4DFC7}.Debug|x86.ActiveCfg = Debug|Any CPU
		{E38DE5B1-F9C2-43BA-A5DF-0743ABD4DFC7}.Release|Any CPU.ActiveCfg = Release|Any CPU
		{E38DE5B1-F9C2-43BA-A5DF-0743ABD4DFC7}.Release|Any CPU.Build.0 = Release|Any CPU
		{E38DE5B1-F9C2-43BA-A5DF-0743ABD4DFC7}.Release|Mixed Platforms.ActiveCfg = Release|Any CPU
		{E38DE5B1-F9C2-43BA-A5DF-0743ABD4DFC7}.Release|Mixed Platforms.Build.0 = Release|Any CPU
		{E38DE5B1-F9C2-43BA-A5DF-0743ABD4DFC7}.Release|x86.ActiveCfg = Release|Any CPU
		{D8D6EFEC-76D7-4870-BD71-C90FA6D7368A}.Debug|Any CPU.ActiveCfg = Debug|Any CPU
		{D8D6EFEC-76D7-4870-BD71-C90FA6D7368A}.Debug|Any CPU.Build.0 = Debug|Any CPU
		{D8D6EFEC-76D7-4870-BD71-C90FA6D7368A}.Debug|Mixed Platforms.ActiveCfg = Debug|Any CPU
		{D8D6EFEC-76D7-4870-BD71-C90FA6D7368A}.Debug|Mixed Platforms.Build.0 = Debug|Any CPU
		{D8D6EFEC-76D7-4870-BD71-C90FA6D7368A}.Debug|x86.ActiveCfg = Debug|Any CPU
		{D8D6EFEC-76D7-4870-BD71-C90FA6D7368A}.Release|Any CPU.ActiveCfg = Release|Any CPU
		{D8D6EFEC-76D7-4870-BD71-C90FA6D7368A}.Release|Any CPU.Build.0 = Release|Any CPU
		{D8D6EFEC-76D7-4870-BD71-C90FA6D7368A}.Release|Mixed Platforms.ActiveCfg = Release|Any CPU
		{D8D6EFEC-76D7-4870-BD71-C90FA6D7368A}.Release|Mixed Platforms.Build.0 = Release|Any CPU
		{D8D6EFEC-76D7-4870-BD71-C90FA6D7368A}.Release|x86.ActiveCfg = Release|Any CPU
		{E2ECF86C-C0BA-4782-A485-E267BB213BB2}.Debug|Any CPU.ActiveCfg = Debug|Any CPU
		{E2ECF86C-C0BA-4782-A485-E267BB213BB2}.Debug|Any CPU.Build.0 = Debug|Any CPU
		{E2ECF86C-C0BA-4782-A485-E267BB213BB2}.Debug|Mixed Platforms.ActiveCfg = Debug|Any CPU
		{E2ECF86C-C0BA-4782-A485-E267BB213BB2}.Debug|Mixed Platforms.Build.0 = Debug|Any CPU
		{E2ECF86C-C0BA-4782-A485-E267BB213BB2}.Debug|x86.ActiveCfg = Debug|Any CPU
		{E2ECF86C-C0BA-4782-A485-E267BB213BB2}.Release|Any CPU.ActiveCfg = Release|Any CPU
		{E2ECF86C-C0BA-4782-A485-E267BB213BB2}.Release|Any CPU.Build.0 = Release|Any CPU
		{E2ECF86C-C0BA-4782-A485-E267BB213BB2}.Release|Mixed Platforms.ActiveCfg = Release|Any CPU
		{E2ECF86C-C0BA-4782-A485-E267BB213BB2}.Release|Mixed Platforms.Build.0 = Release|Any CPU
		{E2ECF86C-C0BA-4782-A485-E267BB213BB2}.Release|x86.ActiveCfg = Release|Any CPU
		{208B84AF-A5DD-4C20-83D5-160EA243BA43}.Debug|Any CPU.ActiveCfg = Debug|Any CPU
		{208B84AF-A5DD-4C20-83D5-160EA243BA43}.Debug|Any CPU.Build.0 = Debug|Any CPU
		{208B84AF-A5DD-4C20-83D5-160EA243BA43}.Debug|Mixed Platforms.ActiveCfg = Debug|Any CPU
		{208B84AF-A5DD-4C20-83D5-160EA243BA43}.Debug|Mixed Platforms.Build.0 = Debug|Any CPU
		{208B84AF-A5DD-4C20-83D5-160EA243BA43}.Debug|x86.ActiveCfg = Debug|Any CPU
		{208B84AF-A5DD-4C20-83D5-160EA243BA43}.Release|Any CPU.ActiveCfg = Release|Any CPU
		{208B84AF-A5DD-4C20-83D5-160EA243BA43}.Release|Any CPU.Build.0 = Release|Any CPU
		{208B84AF-A5DD-4C20-83D5-160EA243BA43}.Release|Mixed Platforms.ActiveCfg = Release|Any CPU
		{208B84AF-A5DD-4C20-83D5-160EA243BA43}.Release|Mixed Platforms.Build.0 = Release|Any CPU
		{208B84AF-A5DD-4C20-83D5-160EA243BA43}.Release|x86.ActiveCfg = Release|Any CPU
		{09F13185-3B2A-4FCB-AB6A-750112FFF920}.Debug|Any CPU.ActiveCfg = Debug|Any CPU
		{09F13185-3B2A-4FCB-AB6A-750112FFF920}.Debug|Any CPU.Build.0 = Debug|Any CPU
		{09F13185-3B2A-4FCB-AB6A-750112FFF920}.Debug|Mixed Platforms.ActiveCfg = Debug|Any CPU
		{09F13185-3B2A-4FCB-AB6A-750112FFF920}.Debug|Mixed Platforms.Build.0 = Debug|Any CPU
		{09F13185-3B2A-4FCB-AB6A-750112FFF920}.Debug|x86.ActiveCfg = Debug|Any CPU
		{09F13185-3B2A-4FCB-AB6A-750112FFF920}.Release|Any CPU.ActiveCfg = Release|Any CPU
		{09F13185-3B2A-4FCB-AB6A-750112FFF920}.Release|Any CPU.Build.0 = Release|Any CPU
		{09F13185-3B2A-4FCB-AB6A-750112FFF920}.Release|Mixed Platforms.ActiveCfg = Release|Any CPU
		{09F13185-3B2A-4FCB-AB6A-750112FFF920}.Release|Mixed Platforms.Build.0 = Release|Any CPU
		{09F13185-3B2A-4FCB-AB6A-750112FFF920}.Release|x86.ActiveCfg = Release|Any CPU
		{ACDDD5D1-119F-4B82-8FE6-6515C812795B}.Debug|Any CPU.ActiveCfg = Debug|Any CPU
		{ACDDD5D1-119F-4B82-8FE6-6515C812795B}.Debug|Any CPU.Build.0 = Debug|Any CPU
		{ACDDD5D1-119F-4B82-8FE6-6515C812795B}.Debug|Mixed Platforms.ActiveCfg = Debug|Any CPU
		{ACDDD5D1-119F-4B82-8FE6-6515C812795B}.Debug|Mixed Platforms.Build.0 = Debug|Any CPU
		{ACDDD5D1-119F-4B82-8FE6-6515C812795B}.Debug|x86.ActiveCfg = Debug|Any CPU
		{ACDDD5D1-119F-4B82-8FE6-6515C812795B}.Release|Any CPU.ActiveCfg = Release|Any CPU
		{ACDDD5D1-119F-4B82-8FE6-6515C812795B}.Release|Any CPU.Build.0 = Release|Any CPU
		{ACDDD5D1-119F-4B82-8FE6-6515C812795B}.Release|Mixed Platforms.ActiveCfg = Release|Any CPU
		{ACDDD5D1-119F-4B82-8FE6-6515C812795B}.Release|Mixed Platforms.Build.0 = Release|Any CPU
		{ACDDD5D1-119F-4B82-8FE6-6515C812795B}.Release|x86.ActiveCfg = Release|Any CPU
		{7D2A38F8-C42D-4F9F-AF64-1DDD5842C7EC}.Debug|Any CPU.ActiveCfg = Debug|Any CPU
		{7D2A38F8-C42D-4F9F-AF64-1DDD5842C7EC}.Debug|Any CPU.Build.0 = Debug|Any CPU
		{7D2A38F8-C42D-4F9F-AF64-1DDD5842C7EC}.Debug|Mixed Platforms.ActiveCfg = Debug|Any CPU
		{7D2A38F8-C42D-4F9F-AF64-1DDD5842C7EC}.Debug|Mixed Platforms.Build.0 = Debug|Any CPU
		{7D2A38F8-C42D-4F9F-AF64-1DDD5842C7EC}.Debug|x86.ActiveCfg = Debug|Any CPU
		{7D2A38F8-C42D-4F9F-AF64-1DDD5842C7EC}.Release|Any CPU.ActiveCfg = Release|Any CPU
		{7D2A38F8-C42D-4F9F-AF64-1DDD5842C7EC}.Release|Any CPU.Build.0 = Release|Any CPU
		{7D2A38F8-C42D-4F9F-AF64-1DDD5842C7EC}.Release|Mixed Platforms.ActiveCfg = Release|Any CPU
		{7D2A38F8-C42D-4F9F-AF64-1DDD5842C7EC}.Release|Mixed Platforms.Build.0 = Release|Any CPU
		{7D2A38F8-C42D-4F9F-AF64-1DDD5842C7EC}.Release|x86.ActiveCfg = Release|Any CPU
		{78F407CF-416D-4D1F-971C-9A51FEA69B3A}.Debug|Any CPU.ActiveCfg = Debug|x86
		{78F407CF-416D-4D1F-971C-9A51FEA69B3A}.Debug|Mixed Platforms.ActiveCfg = Debug|x86
		{78F407CF-416D-4D1F-971C-9A51FEA69B3A}.Debug|Mixed Platforms.Build.0 = Debug|x86
		{78F407CF-416D-4D1F-971C-9A51FEA69B3A}.Debug|x86.ActiveCfg = Debug|x86
		{78F407CF-416D-4D1F-971C-9A51FEA69B3A}.Debug|x86.Build.0 = Debug|x86
		{78F407CF-416D-4D1F-971C-9A51FEA69B3A}.Release|Any CPU.ActiveCfg = Release|x86
		{78F407CF-416D-4D1F-971C-9A51FEA69B3A}.Release|Mixed Platforms.ActiveCfg = Release|x86
		{78F407CF-416D-4D1F-971C-9A51FEA69B3A}.Release|Mixed Platforms.Build.0 = Release|x86
		{78F407CF-416D-4D1F-971C-9A51FEA69B3A}.Release|x86.ActiveCfg = Release|x86
		{78F407CF-416D-4D1F-971C-9A51FEA69B3A}.Release|x86.Build.0 = Release|x86
	EndGlobalSection
	GlobalSection(SolutionProperties) = preSolution
		HideSolutionNode = FALSE
	EndGlobalSection
EndGlobal
